# Resolved image identities used by checked-in tooling. Service-image locks are
# added with their implementation slices; no mutable tag is used at execution.
images:
  cpp_skeleton_builder:
    source_tag: debian:bookworm-slim
    digest: sha256:7b140f374b289a7c2befc338f42ebe6441b7ea838a042bbd5acbfca6ec875818
  buf:
    source_tag: bufbuild/buf:latest
    resolved_version: 1.72.0
    digest: sha256:65bd496a89c762ad7151ca9e7d885a45dacb3671a8e8ec39738b9f844d3405ea
  cpp_grpc_toolchain:
    source_tag: bmigeri/devcon-cpp:latest-runtime
    platform: linux/amd64
    protoc_version: 31.1
    protobuf_cpp_version: 31.1.0
    grpc_cpp_version: 1.78.1
    digest: sha256:369f7744d6f9632b1c8142981f01c7b4c98db51b0096686dbd25f9ebb9eaa6f4
    websocket_libcurl_version: 8.5.0
    websocket_libcurl_source_sha256: 42ab8db9e20d8290a3b633e7fbb3cec15db34df65fd1015ef8ac1e4723750eeb
    websocket_libcurl_build: config/curl-websocket.lock
  go_proto_toolchain:
    platform: linux/amd64
    build_file: docker/go-proto/Dockerfile
    protoc_version: 31.1
    protoc_gen_go_version: 1.36.6
    protoc_gen_go_grpc_version: 1.5.1
    protobuf_go_runtime_version: 1.36.11
    grpc_go_runtime_version: 1.82.1
    go_builder_digest: sha256:3f6236bd765f898a2a3c2946112b04097814c4529d44534674700cd07b9c6b4c
    protoc_base_digest: sha256:369f7744d6f9632b1c8142981f01c7b4c98db51b0096686dbd25f9ebb9eaa6f4
  postgres:
    source_tag: postgres:18-bookworm
    digest: sha256:1961f96e6029a02c3812d7cb329a3b03a3ac2bb067058dec17b0f5596aca9296
  osrm:
    source_tag: ghcr.io/project-osrm/osrm-backend:v26.5.0-amd64-debian
    platform: linux/amd64
    resolved_version: v26.5.0
    source_revision: 3c32a51bf58d12bf30efd0808d0b6ad51d334122
    digest: sha256:34c4aa0a41daa8024b3c0bf1fe2ee42fc8b411d07a135ecc29f829390aed31ea
  backend_builder:
    source_tag: golang:1.26-bookworm
    platform: linux/amd64
    resolved_version: 1.26.5
    digest: sha256:3f6236bd765f898a2a3c2946112b04097814c4529d44534674700cd07b9c6b4c
  backend_runtime:
    source_tag: debian:bookworm-slim
    platform: linux/amd64
    digest: sha256:7b140f374b289a7c2befc338f42ebe6441b7ea838a042bbd5acbfca6ec875818
